{
  "name": "NavRiti_VivekFork",
  "lockfileVersion": 3,
  "requires": true,
  "packages": {
    "": {
      "dependencies": {
        "motion": "^12.28.1"
      }
    },
    "node_modules/framer-motion": {
      "version": "12.28.1",
      "resolved": "https://registry.npmjs.org/framer-motion/-/framer-motion-12.28.1.tgz",
      "integrity": "sha512-72GkO7DS4FfcSjf26wx0v+rzkW8Fhn4Djh04aDbuEg7NYG8X8MhJZc6/5weG/YeEgIP+fCo8FS2y1HnXH8k8fQ==",
      "license": "MIT",
      "dependencies": {
        "motion-dom": "^12.28.1",
        "motion-utils": "^12.27.2",
        "tslib": "^2.4.0"
      },
      "peerDependencies": {
        "@emotion/is-prop-valid": "*",
        "react": "^18.0.0 || ^19.0.0",
        "react-dom": "^18.0.0 || ^19.0.0"
      },
      "peerDependenciesMeta": {
        "@emotion/is-prop-valid": {
          "optional": true
        },
        "react": {
          "optional": true
        },
        "react-dom": {
          "optional": true
        }
      }
    },
    "node_modules/motion": {
      "version": "12.28.1",
      "resolved": "https://registry.npmjs.org/motion/-/motion-12.28.1.tgz",
      "integrity": "sha512-qGq5+6r4IMivHbT2EUhCwxz2NgFBuba3sWDrxcHt06+nYqKMevYJiVh/N90nMRof+vIUpiq8C22ZeOXwkWWiZg==",
      "license": "MIT",
      "dependencies": {
        "framer-motion": "^12.28.1",
        "tslib": "^2.4.0"
      },
      "peerDependencies": {
        "@emotion/is-prop-valid": "*",
        "react": "^18.0.0 || ^19.0.0",
        "react-dom": "^18.0.0 || ^19.0.0"
      },
      "peerDependenciesMeta": {
        "@emotion/is-prop-valid": {
          "optional": true
        },
        "react": {
          "optional": true
        },
        "react-dom": {
          "optional": true
        }
      }
    },
    "node_modules/motion-dom": {
      "version": "12.28.1",
      "resolved": "https://registry.npmjs.org/motion-dom/-/motion-dom-12.28.1.tgz",
      "integrity": "sha512-xqgID69syDvXwFJnUd5bW6ajGUAr/qevRoUe/EqpsXUbVIopyWrAOiwQOhpgVQD+B7Ra60zTdj5gVkmwncebMg==",
      "license": "MIT",
      "dependencies": {
        "motion-utils": "^12.27.2"
      }
    },
    "node_modules/motion-utils": {
      "version": "12.27.2",
      "resolved": "https://registry.npmjs.org/motion-utils/-/motion-utils-12.27.2.tgz",
      "integrity": "sha512-B55gcoL85Mcdt2IEStY5EEAsrMSVE2sI14xQ/uAdPL+mfQxhKKFaEag9JmfxedJOR4vZpBGoPeC/Gm13I/4g5Q==",
      "license": "MIT"
    },
    "node_modules/tslib": {
      "version": "2.8.1",
      "resolved": "https://registry.npmjs.org/tslib/-/tslib-2.8.1.tgz",
      "integrity": "sha512-oJFu94HQb+KVduSUQL7wnpmqnfmLsOA/nAh6b6EH0wCEoK0/mPeXU6c3wKDV83MkOuHPRHtSXKKU99IBazS/2w==",
      "license": "0BSD"
    }
  }
}
